<?xml version="1.0" encoding="utf-8"?>
<Project ToolsVersion="4.0" xmlns="http://schemas.microsoft.com/developer/msbuild/2003">
  <ItemGroup>
    <Filter Include="Source Files">
      <UniqueIdentifier>{4FC737F1-C7A5-4376-A066-2A32D752A2FF}</UniqueIdentifier>
      <Extensions>cpp;c;cc;cxx;def;odl;idl;hpj;bat;asm;asmx</Extensions>
    </Filter>
    <Filter Include="Header Files">
      <UniqueIdentifier>{93995380-89BD-4b04-88EB-625FBE52EBFB}</UniqueIdentifier>
      <Extensions>h;hh;hpp;hxx;hm;inl;inc;ipp;xsd</Extensions>
    </Filter>
    <Filter Include="Resource Files">
      <UniqueIdentifier>{67DA6AB6-F800-4c08-8B7A-83BB121AAD01}</UniqueIdentifier>
      <Extensions>rc;ico;cur;bmp;dlg;rc2;rct;bin;rgs;gif;jpg;jpeg;jpe;resx;tiff;tif;png;wav;mfcribbon-ms</Extensions>
    </Filter>
    <Filter Include="Header Files\Graphics">
      <UniqueIdentifier>{910369a4-5391-4f96-8d1c-f99098a504b3}</UniqueIdentifier>
    </Filter>
    <Filter Include="Header Files\Graphics\Model">
      <UniqueIdentifier>{91a15efc-df3f-4fda-bd3d-411efef3b42a}</UniqueIdentifier>
    </Filter>
    <Filter Include="Header Files\Main">
      <UniqueIdentifier>{af1f2153-3028-4928-b83c-eb63584c52cb}</UniqueIdentifier>
    </Filter>
    <Filter Include="Header Files\Main\Window">
      <UniqueIdentifier>{d01a47c5-1081-4edc-b45c-4a8dd6d3fbb7}</UniqueIdentifier>
    </Filter>
    <Filter Include="Source Files\Main">
      <UniqueIdentifier>{cea3f8b3-7bf8-4e7d-b414-21dbbf619e8c}</UniqueIdentifier>
    </Filter>
    <Filter Include="Source Files\Main\Window">
      <UniqueIdentifier>{f437570b-8397-44fa-9bd9-582dfdac22ea}</UniqueIdentifier>
    </Filter>
    <Filter Include="Source Files\Graphics">
      <UniqueIdentifier>{ea5eb819-bb4b-479e-9c1f-feb3c4f90beb}</UniqueIdentifier>
    </Filter>
    <Filter Include="Source Files\Graphics\Model">
      <UniqueIdentifier>{52b0b6a2-7719-49b9-a436-1478f5938ac6}</UniqueIdentifier>
    </Filter>
    <Filter Include="Header Files\Graphics\Model\Texture">
      <UniqueIdentifier>{e47350d3-eafc-4321-b179-a865b045ddaa}</UniqueIdentifier>
    </Filter>
    <Filter Include="Header Files\Graphics\Model\Vertex">
      <UniqueIdentifier>{07b4700c-e869-4740-b9f1-710e1081cb13}</UniqueIdentifier>
    </Filter>
    <Filter Include="Source Files\Graphics\Model\Texture">
      <UniqueIdentifier>{e2e2616c-97c3-44ca-a632-fe42ff5c4888}</UniqueIdentifier>
    </Filter>
    <Filter Include="Source Files\Graphics\Model\Vertex">
      <UniqueIdentifier>{7048a73f-cebf-4be8-931f-b9ea773bafb6}</UniqueIdentifier>
    </Filter>
    <Filter Include="Source Files\Graphics\Model\Vertex\Buffers">
      <UniqueIdentifier>{72c83d30-88c4-41ea-8dac-bfe034ae8d7e}</UniqueIdentifier>
    </Filter>
    <Filter Include="Header Files\Graphics\Model\Vertex\Buffers">
      <UniqueIdentifier>{9cbf5d0c-6deb-4f23-b1b7-e220e2dad24f}</UniqueIdentifier>
    </Filter>
  </ItemGroup>
  <ItemGroup>
    <ClInclude Include="framework.h">
      <Filter>Header Files</Filter>
    </ClInclude>
    <ClInclude Include="targetver.h">
      <Filter>Header Files</Filter>
    </ClInclude>
    <ClInclude Include="Resource.h">
      <Filter>Header Files</Filter>
    </ClInclude>
    <ClInclude Include="graphics.h">
      <Filter>Header Files\Graphics</Filter>
    </ClInclude>
    <ClInclude Include="camera.h">
      <Filter>Header Files\Graphics</Filter>
    </ClInclude>
    <ClInclude Include="model.h">
      <Filter>Header Files\Graphics\Model</Filter>
    </ClInclude>
    <ClInclude Include="window.h">
      <Filter>Header Files\Main\Window</Filter>
    </ClInclude>
    <ClInclude Include="app.h">
      <Filter>Header Files\Main\Window</Filter>
    </ClInclude>
    <ClInclude Include="input.h">
      <Filter>Header Files\Main\Window</Filter>
    </ClInclude>
    <ClInclude Include="aeirosoft.h">
      <Filter>Header Files\Main</Filter>
    </ClInclude>
    <ClInclude Include="Mesh.h">
      <Filter>Header Files\Graphics\Model</Filter>
    </ClInclude>
    <ClInclude Include="texture.h">
      <Filter>Header Files\Graphics\Model\Texture</Filter>
    </ClInclude>
    <ClInclude Include="TextureShader.h">
      <Filter>Header Files\Graphics\Model\Texture</Filter>
    </ClInclude>
    <ClInclude Include="Vertex.h">
      <Filter>Header Files\Graphics\Model\Vertex</Filter>
    </ClInclude>
    <ClInclude Include="IndexBuffer.h">
      <Filter>Header Files\Graphics\Model\Vertex\Buffers</Filter>
    </ClInclude>
    <ClInclude Include="VertexBuffer.h">
      <Filter>Header Files\Graphics\Model\Vertex\Buffers</Filter>
    </ClInclude>
    <ClInclude Include="Timer.h">
      <Filter>Header Files</Filter>
    </ClInclude>
    <ClInclude Include="Color.h">
      <Filter>Header Files</Filter>
    </ClInclude>
  </ItemGroup>
  <ItemGroup>
    <ClCompile Include="input.cpp">
      <Filter>Source Files\Main\Window</Filter>
    </ClCompile>
    <ClCompile Include="window.cpp">
      <Filter>Source Files\Main\Window</Filter>
    </ClCompile>
    <ClCompile Include="app.cpp">
      <Filter>Source Files\Main\Window</Filter>
    </ClCompile>
    <ClCompile Include="aeirosoft.cpp">
      <Filter>Source Files\Main</Filter>
    </ClCompile>
    <ClCompile Include="graphics.cpp">
      <Filter>Source Files\Graphics</Filter>
    </ClCompile>
    <ClCompile Include="camera.cpp">
      <Filter>Source Files\Graphics</Filter>
    </ClCompile>
    <ClCompile Include="model.cpp">
      <Filter>Source Files\Graphics\Model</Filter>
    </ClCompile>
    <ClCompile Include="Mesh.cpp">
      <Filter>Source Files\Graphics\Model</Filter>
    </ClCompile>
    <ClCompile Include="texture.cpp">
      <Filter>Source Files\Graphics\Model\Texture</Filter>
    </ClCompile>
    <ClCompile Include="TextureShader.cpp">
      <Filter>Source Files\Graphics\Model\Texture</Filter>
    </ClCompile>
    <ClCompile Include="Vertex.cpp">
      <Filter>Source Files\Graphics\Model\Vertex</Filter>
    </ClCompile>
    <ClCompile Include="IndexBuffer.cpp">
      <Filter>Source Files\Graphics\Model\Vertex\Buffers</Filter>
    </ClCompile>
    <ClCompile Include="VertexBuffer.cpp">
      <Filter>Source Files\Graphics\Model\Vertex\Buffers</Filter>
    </ClCompile>
    <ClCompile Include="Timer.cpp">
      <Filter>Source Files</Filter>
    </ClCompile>
    <ClCompile Include="Color.cpp">
      <Filter>Source Files</Filter>
    </ClCompile>
  </ItemGroup>
  <ItemGroup>
    <ResourceCompile Include="aeirosoft.rc">
      <Filter>Resource Files</Filter>
    </ResourceCompile>
  </ItemGroup>
  <ItemGroup>
    <Image Include="small.ico">
      <Filter>Resource Files</Filter>
    </Image>
    <Image Include="aeirosoft.ico">
      <Filter>Resource Files</Filter>
    </Image>
  </ItemGroup>
  <ItemGroup>
    <FxCompile Include="texturep.ps">
      <Filter>Resource Files</Filter>
    </FxCompile>
    <FxCompile Include="texturev.vs">
      <Filter>Resource Files</Filter>
    </FxCompile>
  </ItemGroup>
</Project>