<?xml version="1.0" encoding="utf-8"?>
<Project ToolsVersion="4.0" xmlns="http://schemas.microsoft.com/developer/msbuild/2003">
  <ItemGroup>
    <Filter Include="Source Files">
      <UniqueIdentifier>{4FC737F1-C7A5-4376-A066-2A32D752A2FF}</UniqueIdentifier>
      <Extensions>cpp;c;cc;cxx;def;odl;idl;hpj;bat;asm;asmx</Extensions>
    </Filter>
    <Filter Include="Header Files">
      <UniqueIdentifier>{93995380-89BD-4b04-88EB-625FBE52EBFB}</UniqueIdentifier>
      <Extensions>h;hh;hpp;hxx;hm;inl;inc;ipp;xsd</Extensions>
    </Filter>
    <Filter Include="Resource Files">
      <UniqueIdentifier>{67DA6AB6-F800-4c08-8B7A-83BB121AAD01}</UniqueIdentifier>
      <Extensions>rc;ico;cur;bmp;dlg;rc2;rct;bin;rgs;gif;jpg;jpeg;jpe;resx;tiff;tif;png;wav;mfcribbon-ms</Extensions>
    </Filter>
    <Filter Include="Header Files\sys">
      <UniqueIdentifier>{3c64069b-de2b-45d9-b884-9956f574fc2d}</UniqueIdentifier>
    </Filter>
    <Filter Include="Header Files\Shaders">
      <UniqueIdentifier>{e78446e5-76a3-48cd-bdbe-032c91671251}</UniqueIdentifier>
    </Filter>
    <Filter Include="Header Files\model">
      <UniqueIdentifier>{f50cbfe7-5062-4eae-826d-ae273321207e}</UniqueIdentifier>
    </Filter>
    <Filter Include="Source Files\model">
      <UniqueIdentifier>{071bdb94-3c8c-4be1-8829-00973d45e9c5}</UniqueIdentifier>
    </Filter>
    <Filter Include="Source Files\sys">
      <UniqueIdentifier>{b83912ab-11e9-4454-9f7f-fb0dd59855f4}</UniqueIdentifier>
    </Filter>
    <Filter Include="Source Files\sys\graphics">
      <UniqueIdentifier>{a2223dfd-711e-47a0-95c7-88c82f0c2729}</UniqueIdentifier>
    </Filter>
    <Filter Include="Header Files\sys\graphics">
      <UniqueIdentifier>{6ce17762-519b-4cfe-a745-e09d05588958}</UniqueIdentifier>
    </Filter>
  </ItemGroup>
  <ItemGroup>
    <ClInclude Include="targetver.h">
      <Filter>Header Files\sys</Filter>
    </ClInclude>
    <ClInclude Include="Resource.h">
      <Filter>Header Files\sys</Filter>
    </ClInclude>
    <ClInclude Include="Player.h">
      <Filter>Header Files</Filter>
    </ClInclude>
    <ClInclude Include="Collision.h">
      <Filter>Header Files</Filter>
    </ClInclude>
    <ClInclude Include="Gui.h">
      <Filter>Header Files</Filter>
    </ClInclude>
    <ClInclude Include="Scenes.h">
      <Filter>Header Files</Filter>
    </ClInclude>
    <ClInclude Include="movement.h">
      <Filter>Header Files</Filter>
    </ClInclude>
    <ClInclude Include="framework.h">
      <Filter>Header Files\sys</Filter>
    </ClInclude>
    <ClInclude Include="MovingAimBox.h">
      <Filter>Header Files</Filter>
    </ClInclude>
    <ClInclude Include="graphics.h">
      <Filter>Header Files\sys\graphics</Filter>
    </ClInclude>
    <ClInclude Include="color.h">
      <Filter>Header Files\sys\graphics</Filter>
    </ClInclude>
    <ClInclude Include="texture.h">
      <Filter>Header Files\sys\graphics</Filter>
    </ClInclude>
    <ClInclude Include="TextureShader.h">
      <Filter>Header Files\Shaders</Filter>
    </ClInclude>
    <ClInclude Include="Animation.h">
      <Filter>Header Files\model</Filter>
    </ClInclude>
    <ClInclude Include="IndexBuffer.h">
      <Filter>Header Files\model</Filter>
    </ClInclude>
    <ClInclude Include="Vertex.h">
      <Filter>Header Files\model</Filter>
    </ClInclude>
    <ClInclude Include="VertexBuffer.h">
      <Filter>Header Files\model</Filter>
    </ClInclude>
    <ClInclude Include="window.h">
      <Filter>Header Files\sys</Filter>
    </ClInclude>
    <ClInclude Include="model.h">
      <Filter>Header Files\model</Filter>
    </ClInclude>
    <ClInclude Include="mesh.h">
      <Filter>Header Files\model</Filter>
    </ClInclude>
    <ClInclude Include="timer.h">
      <Filter>Header Files\sys</Filter>
    </ClInclude>
    <ClInclude Include="aeirosoft.h">
      <Filter>Header Files\sys</Filter>
    </ClInclude>
    <ClInclude Include="app.h">
      <Filter>Header Files\sys</Filter>
    </ClInclude>
    <ClInclude Include="helper.h">
      <Filter>Header Files\sys</Filter>
    </ClInclude>
    <ClInclude Include="input.h">
      <Filter>Header Files\sys</Filter>
    </ClInclude>
    <ClInclude Include="Entity.h">
      <Filter>Header Files</Filter>
    </ClInclude>
    <ClInclude Include="Events.h">
      <Filter>Header Files\sys</Filter>
    </ClInclude>
    <ClInclude Include="camera.h">
      <Filter>Header Files\sys</Filter>
    </ClInclude>
    <ClInclude Include="Zombie.h">
      <Filter>Header Files</Filter>
    </ClInclude>
    <ClInclude Include="aeBounding.h">
      <Filter>Header Files</Filter>
    </ClInclude>
    <ClInclude Include="Item.h">
      <Filter>Header Files</Filter>
    </ClInclude>
    <ClInclude Include="gun.h">
      <Filter>Header Files</Filter>
    </ClInclude>
    <ClInclude Include="interactable.h">
      <Filter>Header Files</Filter>
    </ClInclude>
    <ClInclude Include="inventory.h">
      <Filter>Header Files</Filter>
    </ClInclude>
    <ClInclude Include="Controllable.h">
      <Filter>Header Files</Filter>
    </ClInclude>
    <ClInclude Include="Ai.h">
      <Filter>Header Files</Filter>
    </ClInclude>
    <ClInclude Include="Container.h">
      <Filter>Header Files</Filter>
    </ClInclude>
  </ItemGroup>
  <ItemGroup>
    <ClCompile Include="Player.cpp">
      <Filter>Source Files</Filter>
    </ClCompile>
    <ClCompile Include="Collision.cpp">
      <Filter>Source Files</Filter>
    </ClCompile>
    <ClCompile Include="Gui.cpp">
      <Filter>Source Files</Filter>
    </ClCompile>
    <ClCompile Include="Scenes.cpp">
      <Filter>Source Files</Filter>
    </ClCompile>
    <ClCompile Include="movement.cpp">
      <Filter>Source Files</Filter>
    </ClCompile>
    <ClCompile Include="MovingAimBox.cpp">
      <Filter>Source Files</Filter>
    </ClCompile>
    <ClCompile Include="Entity.cpp">
      <Filter>Source Files</Filter>
    </ClCompile>
    <ClCompile Include="graphics.cpp">
      <Filter>Source Files\sys\graphics</Filter>
    </ClCompile>
    <ClCompile Include="TextureShader.cpp">
      <Filter>Source Files\sys\graphics</Filter>
    </ClCompile>
    <ClCompile Include="texture.cpp">
      <Filter>Source Files\sys\graphics</Filter>
    </ClCompile>
    <ClCompile Include="Animation.cpp">
      <Filter>Source Files\model</Filter>
    </ClCompile>
    <ClCompile Include="model.cpp">
      <Filter>Source Files\model</Filter>
    </ClCompile>
    <ClCompile Include="mesh.cpp">
      <Filter>Source Files\model</Filter>
    </ClCompile>
    <ClCompile Include="aeirosoft.cpp">
      <Filter>Source Files\sys</Filter>
    </ClCompile>
    <ClCompile Include="app.cpp">
      <Filter>Source Files\sys</Filter>
    </ClCompile>
    <ClCompile Include="window.cpp">
      <Filter>Source Files\sys</Filter>
    </ClCompile>
    <ClCompile Include="input.cpp">
      <Filter>Source Files\sys</Filter>
    </ClCompile>
    <ClCompile Include="helper.cpp">
      <Filter>Source Files\sys</Filter>
    </ClCompile>
    <ClCompile Include="Events.cpp">
      <Filter>Source Files\sys</Filter>
    </ClCompile>
    <ClCompile Include="timer.cpp">
      <Filter>Source Files\sys</Filter>
    </ClCompile>
    <ClCompile Include="color.cpp">
      <Filter>Source Files\sys\graphics</Filter>
    </ClCompile>
    <ClCompile Include="camera.cpp">
      <Filter>Source Files\sys</Filter>
    </ClCompile>
    <ClCompile Include="Zombie.cpp">
      <Filter>Source Files</Filter>
    </ClCompile>
    <ClCompile Include="aeBounding.cpp">
      <Filter>Source Files</Filter>
    </ClCompile>
    <ClCompile Include="Item.cpp">
      <Filter>Source Files</Filter>
    </ClCompile>
    <ClCompile Include="gun.cpp">
      <Filter>Source Files</Filter>
    </ClCompile>
    <ClCompile Include="interactable.cpp">
      <Filter>Source Files</Filter>
    </ClCompile>
    <ClCompile Include="inventory.cpp">
      <Filter>Source Files</Filter>
    </ClCompile>
    <ClCompile Include="Controllable.cpp">
      <Filter>Source Files</Filter>
    </ClCompile>
    <ClCompile Include="Ai.cpp">
      <Filter>Source Files</Filter>
    </ClCompile>
    <ClCompile Include="Container.cpp">
      <Filter>Source Files</Filter>
    </ClCompile>
  </ItemGroup>
  <ItemGroup>
    <ResourceCompile Include="aeirosoft.rc">
      <Filter>Resource Files</Filter>
    </ResourceCompile>
  </ItemGroup>
  <ItemGroup>
    <Image Include="small.ico">
      <Filter>Resource Files</Filter>
    </Image>
    <Image Include="aeirosoft.ico">
      <Filter>Resource Files</Filter>
    </Image>
  </ItemGroup>
  <ItemGroup>
    <FxCompile Include="PixelShader.hlsl">
      <Filter>Header Files\Shaders</Filter>
    </FxCompile>
    <FxCompile Include="SkinnedVertexShader.hlsl">
      <Filter>Header Files\Shaders</Filter>
    </FxCompile>
    <FxCompile Include="VertexShader.hlsl">
      <Filter>Header Files\Shaders</Filter>
    </FxCompile>
  </ItemGroup>
</Project>